
Microsoft Visual Studio Solution File, Format Version 12.00
# Visual Studio 15
VisualStudioVersion = 15.0.28307.168
MinimumVisualStudioVersion = 10.0.40219.1
Project("{FAE04EC0-301F-11D3-BF4B-00C04F79EFBC}") = "EZ Japanese Tutor", "EZ Japanese Tutor\EZ Japanese Tutor.csproj", "{DFDE816F-79C5-4D1D-802B-767B08EFDE9F}"
EndProject
Global
	GlobalSection(SolutionConfigurationPlatforms) = preSolution
		Debug|Any CPU = Debug|Any CPU
		Release|Any CPU = Release|Any CPU
	EndGlobalSection
	GlobalSection(ProjectConfigurationPlatforms) = postSolution
		{DFDE816F-79C5-4D1D-802B-767B08EFDE9F}.Debug|Any CPU.ActiveCfg = Debug|Any CPU
		{DFDE816F-79C5-4D1D-802B-767B08EFDE9F}.Debug|Any CPU.Build.0 = Debug|Any CPU
		{DFDE816F-79C5-4D1D-802B-767B08EFDE9F}.Release|Any CPU.ActiveCfg = Release|Any CPU
		{DFDE816F-79C5-4D1D-802B-767B08EFDE9F}.Release|Any CPU.Build.0 = Release|Any CPU
	EndGlobalSection
	GlobalSection(SolutionProperties) = preSolution
		HideSolutionNode = FALSE
	EndGlobalSection
	GlobalSection(ExtensibilityGlobals) = postSolution
		SolutionGuid = {ADE1A03D-D2D5-442C-BBF4-771CA3AA5D10}
	EndGlobalSection
EndGlobal
